// !$*UTF8*$!
{
	archiveVersion = 1;
	classes = {
	};
	objectVersion = 46;
	objects = {

/* Begin PBXBuildFile section */
		C1C9D2FF1E79F7C0009842EE /* AppDelegate.swift in Sources */ = {isa = PBXBuildFile; fileRef = C1C9D2FE1E79F7C0009842EE /* AppDelegate.swift */; };
		C1C9D3011E79F7C0009842EE /* ViewController.swift in Sources */ = {isa = PBXBuildFile; fileRef = C1C9D3001E79F7C0009842EE /* ViewController.swift */; };
		C1C9D3041E79F7C0009842EE /* Main.storyboard in Resources */ = {isa = PBXBuildFile; fileRef = C1C9D3021E79F7C0009842EE /* Main.storyboard */; };
		C1C9D3061E79F7C0009842EE /* Assets.xcassets in Resources */ = {isa = PBXBuildFile; fileRef = C1C9D3051E79F7C0009842EE /* Assets.xcassets */; };
		C1C9D3091E79F7C0009842EE /* LaunchScreen.storyboard in Resources */ = {isa = PBXBuildFile; fileRef = C1C9D3071E79F7C0009842EE /* LaunchScreen.storyboard */; };
		C1C9D3111E79FDE6009842EE /* SwiftyJSON.swift in Sources */ = {isa = PBXBuildFile; fileRef = C1C9D3101E79FDE6009842EE /* SwiftyJSON.swift */; };
		C1C9D3131E7A57C7009842EE /* DetailViewController.swift in Sources */ = {isa = PBXBuildFile; fileRef = C1C9D3121E7A57C7009842EE /* DetailViewController.swift */; };
/* End PBXBuildFile section */

/* Begin PBXFileReference section */
		C1C9D2FB1E79F7C0009842EE /* Petitions.app */ = {isa = PBXFileReference; explicitFileType = wrapper.application; includeInIndex = 0; path = Petitions.app; sourceTree = BUILT_PRODUCTS_DIR; };
		C1C9D2FE1E79F7C0009842EE /* AppDelegate.swift */ = {isa = PBXFileReference; lastKnownFileType = sourcecode.swift; path = AppDelegate.swift; sourceTree = "<group>"; };
		C1C9D3001E79F7C0009842EE /* ViewController.swift */ = {isa = PBXFileReference; lastKnownFileType = sourcecode.swift; path = ViewController.swift; sourceTree = "<group>"; };
		C1C9D3031E79F7C0009842EE /* Base */ = {isa = PBXFileReference; lastKnownFileType = file.storyboard; name = Base; path = Base.lproj/Main.storyboard; sourceTree = "<group>"; };
		C1C9D3051E79F7C0009842EE /* Assets.xcassets */ = {isa = PBXFileReference; lastKnownFileType = folder.assetcatalog; path = Assets.xcassets; sourceTree = "<group>"; };
		C1C9D3081E79F7C0009842EE /* Base */ = {isa = PBXFileReference; lastKnownFileType = file.storyboard; name = Base; path = Base.lproj/LaunchScreen.storyboard; sourceTree = "<group>"; };
		C1C9D30A1E79F7C0009842EE /* Info.plist */ = {isa = PBXFileReference; lastKnownFileType = text.plist.xml; path = Info.plist; sourceTree = "<group>"; };
		C1C9D3101E79FDE6009842EE /* SwiftyJSON.swift */ = {isa = PBXFileReference; fileEncoding = 4; lastKnownFileType = sourcecode.swift; path = SwiftyJSON.swift; sourceTree = "<group>"; };
		C1C9D3121E7A57C7009842EE /* DetailViewController.swift */ = {isa = PBXFileReference; fileEncoding = 4; lastKnownFileType = sourcecode.swift; path = DetailViewController.swift; sourceTree = "<group>"; };
/* End PBXFileReference section */

/* Begin PBXFrameworksBuildPhase section */
		C1C9D2F81E79F7C0009842EE /* Frameworks */ = {
			isa = PBXFrameworksBuildPhase;
			buildActionMask = 2147483647;
			files = (
			);
			runOnlyForDeploymentPostprocessing = 0;
		};
/* End PBXFrameworksBuildPhase section */

/* Begin PBXGroup section */
		C1C9D2F21E79F7C0009842EE = {
			isa = PBXGroup;
			children = (
				C1C9D2FD1E79F7C0009842EE /* Petitions */,
				C1C9D2FC1E79F7C0009842EE /* Products */,
			);
			sourceTree = "<group>";
		};
		C1C9D2FC1E79F7C0009842EE /* Products */ = {
			isa = PBXGroup;
			children = (
				C1C9D2FB1E79F7C0009842EE /* Petitions.app */,
			);
			name = Products;
			sourceTree = "<group>";
		};
		C1C9D2FD1E79F7C0009842EE /* Petitions */ = {
			isa = PBXGroup;
			children = (
				C1C9D2FE1E79F7C0009842EE /* AppDelegate.swift */,
				C1C9D3001E79F7C0009842EE /* ViewController.swift */,
				C1C9D3121E7A57C7009842EE /* DetailViewController.swift */,
				C1C9D3101E79FDE6009842EE /* SwiftyJSON.swift */,
				C1C9D3021E79F7C0009842EE /* Main.storyboard */,
				C1C9D3051E79F7C0009842EE /* Assets.xcassets */,
				C1C9D3071E79F7C0009842EE /* LaunchScreen.storyboard */,
				C1C9D30A1E79F7C0009842EE /* Info.plist */,
			);
			path = Petitions;
			sourceTree = "<group>";
		};
/* End PBXGroup section */

/* Begin PBXNativeTarget section */
		C1C9D2FA1E79F7C0009842EE /* Petitions */ = {
			isa = PBXNativeTarget;
			buildConfigurationList = C1C9D30D1E79F7C0009842EE /* Build configuration list for PBXNativeTarget "Petitions" */;
			buildPhases = (
				C1C9D2F71E79F7C0009842EE /* Sources */,
				C1C9D2F81E79F7C0009842EE /* Frameworks */,
				C1C9D2F91E79F7C0009842EE /* Resources */,
			);
			buildRules = (
			);
			dependencies = (
			);
			name = Petitions;
			productName = Petitions;
			productReference = C1C9D2FB1E79F7C0009842EE /* Petitions.app */;
			productType = "com.apple.product-type.application";
		};
/* End PBXNativeTarget section */

/* Begin PBXProject section */
		C1C9D2F31E79F7C0009842EE /* Project object */ = {
			isa = PBXProject;
			attributes = {
				LastSwiftUpdateCheck = 0820;
				LastUpgradeCheck = 0820;
				ORGANIZATIONNAME = "Marta Krawiec";
				TargetAttributes = {
					C1C9D2FA1E79F7C0009842EE = {
						CreatedOnToolsVersion = 8.2.1;
						DevelopmentTeam = CU33A9UXYZ;
						ProvisioningStyle = Automatic;
					};
				};
			};
			buildConfigurationList = C1C9D2F61E79F7C0009842EE /* Build configuration list for PBXProject "Petitions" */;
			compatibilityVersion = "Xcode 3.2";
			developmentRegion = English;
			hasScannedForEncodings = 0;
			knownRegions = (
				en,
				Base,
			);
			mainGroup = C1C9D2F21E79F7C0009842EE;
			productRefGroup = C1C9D2FC1E79F7C0009842EE /* Products */;
			projectDirPath = "";
			projectRoot = "";
			targets = (
				C1C9D2FA1E79F7C0009842EE /* Petitions */,
			);
		};
/* End PBXProject section */

/* Begin PBXResourcesBuildPhase section */
		C1C9D2F91E79F7C0009842EE /* Resources */ = {
			isa = PBXResourcesBuildPhase;
			buildActionMask = 2147483647;
			files = (
				C1C9D3091E79F7C0009842EE /* LaunchScreen.storyboard in Resources */,
				C1C9D3061E79F7C0009842EE /* Assets.xcassets in Resources */,
				C1C9D3041E79F7C0009842EE /* Main.storyboard in Resources */,
			);
			runOnlyForDeploymentPostprocessing = 0;
		};
/* End PBXResourcesBuildPhase section */

/* Begin PBXSourcesBuildPhase section */
		C1C9D2F71E79F7C0009842EE /* Sources */ = {
			isa = PBXSourcesBuildPhase;
			buildActionMask = 2147483647;
			files = (
				C1C9D3111E79FDE6009842EE /* SwiftyJSON.swift in Sources */,
				C1C9D3011E79F7C0009842EE /* ViewController.swift in Sources */,
				C1C9D2FF1E79F7C0009842EE /* AppDelegate.swift in Sources */,
				C1C9D3131E7A57C7009842EE /* DetailViewController.swift in Sources */,
			);
			runOnlyForDeploymentPostprocessing = 0;
		};
/* End PBXSourcesBuildPhase section */

/* Begin PBXVariantGroup section */
		C1C9D3021E79F7C0009842EE /* Main.storyboard */ = {
			isa = PBXVariantGroup;
			children = (
				C1C9D3031E79F7C0009842EE /* Base */,
			);
			name = Main.storyboard;
			sourceTree = "<group>";
		};
		C1C9D3071E79F7C0009842EE /* LaunchScreen.storyboard */ = {
			isa = PBXVariantGroup;
			children = (
				C1C9D3081E79F7C0009842EE /* Base */,
			);
			name = LaunchScreen.storyboard;
			sourceTree = "<group>";
		};
/* End PBXVariantGroup section */

/* Begin XCBuildConfiguration section */
		C1C9D30B1E79F7C0009842EE /* Debug */ = {
			isa = XCBuildConfiguration;
			buildSettings = {
				ALWAYS_SEARCH_USER_PATHS = NO;
				CLANG_ANALYZER_NONNULL = YES;
				CLANG_CXX_LANGUAGE_STANDARD = "gnu++0x";
				CLANG_CXX_LIBRARY = "libc++";
				CLANG_ENABLE_MODULES = YES;
				CLANG_ENABLE_OBJC_ARC = YES;
				CLANG_WARN_BOOL_CONVERSION = YES;
				CLANG_WARN_CONSTANT_CONVERSION = YES;
				CLANG_WARN_DIRECT_OBJC_ISA_USAGE = YES_ERROR;
				CLANG_WARN_DOCUMENTATION_COMMENTS = YES;
				CLANG_WARN_EMPTY_BODY = YES;
				CLANG_WARN_ENUM_CONVERSION = YES;
				CLANG_WARN_INFINITE_RECURSION = YES;
				CLANG_WARN_INT_CONVERSION = YES;
				CLANG_WARN_OBJC_ROOT_CLASS = YES_ERROR;
				CLANG_WARN_SUSPICIOUS_MOVE = YES;
				CLANG_WARN_UNREACHABLE_CODE = YES;
				CLANG_WARN__DUPLICATE_METHOD_MATCH = YES;
				"CODE_SIGN_IDENTITY[sdk=iphoneos*]" = "iPhone Developer";
				COPY_PHASE_STRIP = NO;
				DEBUG_INFORMATION_FORMAT = dwarf;
				ENABLE_STRICT_OBJC_MSGSEND = YES;
				ENABLE_TESTABILITY = YES;
				GCC_C_LANGUAGE_STANDARD = gnu99;
				GCC_DYNAMIC_NO_PIC = NO;
				GCC_NO_COMMON_BLOCKS = YES;
				GCC_OPTIMIZATION_LEVEL = 0;
				GCC_PREPROCESSOR_DEFINITIONS = (
					"DEBUG=1",
					"$(inherited)",
				);
				GCC_WARN_64_TO_32_BIT_CONVERSION = YES;
				GCC_WARN_ABOUT_RETURN_TYPE = YES_ERROR;
				GCC_WARN_UNDECLARED_SELECTOR = YES;
				GCC_WARN_UNINITIALIZED_AUTOS = YES_AGGRESSIVE;
				GCC_WARN_UNUSED_FUNCTION = YES;
				GCC_WARN_UNUSED_VARIABLE = YES;
				IPHONEOS_DEPLOYMENT_TARGET = 10.2;
				MTL_ENABLE_DEBUG_INFO = YES;
				ONLY_ACTIVE_ARCH = YES;
				SDKROOT = iphoneos;
				SWIFT_ACTIVE_COMPILATION_CONDITIONS = DEBUG;
				SWIFT_OPTIMIZATION_LEVEL = "-Onone";
				TARGETED_DEVICE_FAMILY = "1,2";
			};
			name = Debug;
		};
		C1C9D30C1E79F7C0009842EE /* Release */ = {
			isa = XCBuildConfiguration;
			buildSettings = {
				ALWAYS_SEARCH_USER_PATHS = NO;
				CLANG_ANALYZER_NONNULL = YES;
				CLANG_CXX_LANGUAGE_STANDARD = "gnu++0x";
				CLANG_CXX_LIBRARY = "libc++";
				CLANG_ENABLE_MODULES = YES;
				CLANG_ENABLE_OBJC_ARC = YES;
				CLANG_WARN_BOOL_CONVERSION = YES;
				CLANG_WARN_CONSTANT_CONVERSION = YES;
				CLANG_WARN_DIRECT_OBJC_ISA_USAGE = YES_ERROR;
				CLANG_WARN_DOCUMENTATION_COMMENTS = YES;
				CLANG_WARN_EMPTY_BODY = YES;
				CLANG_WARN_ENUM_CONVERSION = YES;
				CLANG_WARN_INFINITE_RECURSION = YES;
				CLANG_WARN_INT_CONVERSION = YES;
				CLANG_WARN_OBJC_ROOT_CLASS = YES_ERROR;
				CLANG_WARN_SUSPICIOUS_MOVE = YES;
				CLANG_WARN_UNREACHABLE_CODE = YES;
				CLANG_WARN__DUPLICATE_METHOD_MATCH = YES;
				"CODE_SIGN_IDENTITY[sdk=iphoneos*]" = "iPhone Developer";
				COPY_PHASE_STRIP = NO;
				DEBUG_INFORMATION_FORMAT = "dwarf-with-dsym";
				ENABLE_NS_ASSERTIONS = NO;
				ENABLE_STRICT_OBJC_MSGSEND = YES;
				GCC_C_LANGUAGE_STANDARD = gnu99;
				GCC_NO_COMMON_BLOCKS = YES;
				GCC_WARN_64_TO_32_BIT_CONVERSION = YES;
				GCC_WARN_ABOUT_RETURN_TYPE = YES_ERROR;
				GCC_WARN_UNDECLARED_SELECTOR = YES;
				GCC_WARN_UNINITIALIZED_AUTOS = YES_AGGRESSIVE;
				GCC_WARN_UNUSED_FUNCTION = YES;
				GCC_WARN_UNUSED_VARIABLE = YES;
				IPHONEOS_DEPLOYMENT_TARGET = 10.2;
				MTL_ENABLE_DEBUG_INFO = NO;
				SDKROOT = iphoneos;
				SWIFT_OPTIMIZATION_LEVEL = "-Owholemodule";
				TARGETED_DEVICE_FAMILY = "1,2";
				VALIDATE_PRODUCT = YES;
			};
			name = Release;
		};
		C1C9D30E1E79F7C0009842EE /* Debug */ = {
			isa = XCBuildConfiguration;
			buildSettings = {
				ASSETCATALOG_COMPILER_APPICON_NAME = AppIcon;
				DEVELOPMENT_TEAM = CU33A9UXYZ;
				INFOPLIST_FILE = Petitions/Info.plist;
				LD_RUNPATH_SEARCH_PATHS = "$(inherited) @executable_path/Frameworks";
				PRODUCT_BUNDLE_IDENTIFIER = com.myapp.Petitions;
				PRODUCT_NAME = "$(TARGET_NAME)";
				SWIFT_VERSION = 3.0;
			};
			name = Debug;
		};
		C1C9D30F1E79F7C0009842EE /* Release */ = {
			isa = XCBuildConfiguration;
			buildSettings = {
				ASSETCATALOG_COMPILER_APPICON_NAME = AppIcon;
				DEVELOPMENT_TEAM = CU33A9UXYZ;
				INFOPLIST_FILE = Petitions/Info.plist;
				LD_RUNPATH_SEARCH_PATHS = "$(inherited) @executable_path/Frameworks";
				PRODUCT_BUNDLE_IDENTIFIER = com.myapp.Petitions;
				PRODUCT_NAME = "$(TARGET_NAME)";
				SWIFT_VERSION = 3.0;
			};
			name = Release;
		};
/* End XCBuildConfiguration section */

/* Begin XCConfigurationList section */
		C1C9D2F61E79F7C0009842EE /* Build configuration list for PBXProject "Petitions" */ = {
			isa = XCConfigurationList;
			buildConfigurations = (
				C1C9D30B1E79F7C0009842EE /* Debug */,
				C1C9D30C1E79F7C0009842EE /* Release */,
			);
			defaultConfigurationIsVisible = 0;
			defaultConfigurationName = Release;
		};
		C1C9D30D1E79F7C0009842EE /* Build configuration list for PBXNativeTarget "Petitions" */ = {
			isa = XCConfigurationList;
			buildConfigurations = (
				C1C9D30E1E79F7C0009842EE /* Debug */,
				C1C9D30F1E79F7C0009842EE /* Release */,
			);
			defaultConfigurationIsVisible = 0;
		};
/* End XCConfigurationList section */
	};
	rootObject = C1C9D2F31E79F7C0009842EE /* Project object */;
}
